
Microsoft Visual Studio Solution File, Format Version 12.00
# Visual Studio Version 17
VisualStudioVersion = 17.4.33213.308
MinimumVisualStudioVersion = 10.0.40219.1
Project("{FAE04EC0-301F-11D3-BF4B-00C04F79EFBC}") = "Ventas", "Ventas\Ventas.csproj", "{5645679D-1E84-460A-8348-CC6B22B7384B}"
EndProject
Global
	GlobalSection(SolutionConfigurationPlatforms) = preSolution
		Debug|Any CPU = Debug|Any CPU
		Release|Any CPU = Release|Any CPU
	EndGlobalSection
	GlobalSection(ProjectConfigurationPlatforms) = postSolution
		{5645679D-1E84-460A-8348-CC6B22B7384B}.Debug|Any CPU.ActiveCfg = Debug|Any CPU
		{5645679D-1E84-460A-8348-CC6B22B7384B}.Debug|Any CPU.Build.0 = Debug|Any CPU
		{5645679D-1E84-460A-8348-CC6B22B7384B}.Release|Any CPU.ActiveCfg = Release|Any CPU
		{5645679D-1E84-460A-8348-CC6B22B7384B}.Release|Any CPU.Build.0 = Release|Any CPU
	EndGlobalSection
	GlobalSection(SolutionProperties) = preSolution
		HideSolutionNode = FALSE
	EndGlobalSection
	GlobalSection(ExtensibilityGlobals) = postSolution
		SolutionGuid = {68F88AD5-DC27-4B85-95E7-5CEE3ED4A140}
	EndGlobalSection
EndGlobal
